
Microsoft Visual Studio Solution File, Format Version 12.00
# Visual Studio Version 17
VisualStudioVersion = 17.2.32526.322
MinimumVisualStudioVersion = 10.0.40219.1
Project("{9A19103F-16F7-4668-BE54-9A1E7A4F7556}") = "StoreCentral", "StoreCentral.csproj", "{82635D29-4328-4FA9-94EB-B247449A082A}"
EndProject
Project("{9A19103F-16F7-4668-BE54-9A1E7A4F7556}") = "StoreCentral.API", "..\StoreCentral.API\StoreCentral.API.csproj", "{F099E9F9-CE5A-4B4D-AEA9-04CBE3F81238}"
EndProject
Project("{FAE04EC0-301F-11D3-BF4B-00C04F79EFBC}") = "StoreWebService", "..\StoreWebService\StoreWebService.csproj", "{F920B244-EFF3-48E3-8388-EDAA5C7E3B5D}"
EndProject
Project("{FAE04EC0-301F-11D3-BF4B-00C04F79EFBC}") = "StoreCentral.WebService", "..\StoreCentral.WebService\StoreCentral.WebService.csproj", "{F1ADF031-0926-4201-83B3-655AEE2FF312}"
EndProject
Global
	GlobalSection(SolutionConfigurationPlatforms) = preSolution
		Debug|Any CPU = Debug|Any CPU
		Release|Any CPU = Release|Any CPU
	EndGlobalSection
	GlobalSection(ProjectConfigurationPlatforms) = postSolution
		{82635D29-4328-4FA9-94EB-B247449A082A}.Debug|Any CPU.ActiveCfg = Debug|Any CPU
		{82635D29-4328-4FA9-94EB-B247449A082A}.Debug|Any CPU.Build.0 = Debug|Any CPU
		{82635D29-4328-4FA9-94EB-B247449A082A}.Release|Any CPU.ActiveCfg = Release|Any CPU
		{82635D29-4328-4FA9-94EB-B247449A082A}.Release|Any CPU.Build.0 = Release|Any CPU
		{F099E9F9-CE5A-4B4D-AEA9-04CBE3F81238}.Debug|Any CPU.ActiveCfg = Debug|Any CPU
		{F099E9F9-CE5A-4B4D-AEA9-04CBE3F81238}.Debug|Any CPU.Build.0 = Debug|Any CPU
		{F099E9F9-CE5A-4B4D-AEA9-04CBE3F81238}.Release|Any CPU.ActiveCfg = Release|Any CPU
		{F099E9F9-CE5A-4B4D-AEA9-04CBE3F81238}.Release|Any CPU.Build.0 = Release|Any CPU
		{F920B244-EFF3-48E3-8388-EDAA5C7E3B5D}.Debug|Any CPU.ActiveCfg = Debug|Any CPU
		{F920B244-EFF3-48E3-8388-EDAA5C7E3B5D}.Debug|Any CPU.Build.0 = Debug|Any CPU
		{F920B244-EFF3-48E3-8388-EDAA5C7E3B5D}.Release|Any CPU.ActiveCfg = Release|Any CPU
		{F920B244-EFF3-48E3-8388-EDAA5C7E3B5D}.Release|Any CPU.Build.0 = Release|Any CPU
		{F1ADF031-0926-4201-83B3-655AEE2FF312}.Debug|Any CPU.ActiveCfg = Debug|Any CPU
		{F1ADF031-0926-4201-83B3-655AEE2FF312}.Debug|Any CPU.Build.0 = Debug|Any CPU
		{F1ADF031-0926-4201-83B3-655AEE2FF312}.Release|Any CPU.ActiveCfg = Release|Any CPU
		{F1ADF031-0926-4201-83B3-655AEE2FF312}.Release|Any CPU.Build.0 = Release|Any CPU
	EndGlobalSection
	GlobalSection(SolutionProperties) = preSolution
		HideSolutionNode = FALSE
	EndGlobalSection
	GlobalSection(ExtensibilityGlobals) = postSolution
		SolutionGuid = {8E72DB7E-76C8-417C-A561-50E0542A9BB5}
	EndGlobalSection
EndGlobal
